
Microsoft Visual Studio Solution File, Format Version 12.00
# Visual Studio Version 16
VisualStudioVersion = 16.0.810.11
MinimumVisualStudioVersion = 10.0.40219.1
Project("{FAE04EC0-301F-11D3-BF4B-00C04F79EFBC}") = "greenshare_app", "greenshare_app.csproj", "{4DCDEA13-14D5-421C-9952-4AC89244A8CF}"
EndProject
Global
	GlobalSection(SolutionConfigurationPlatforms) = preSolution
		Debug|Any CPU = Debug|Any CPU
		Release|Any CPU = Release|Any CPU
	EndGlobalSection
	GlobalSection(ProjectConfigurationPlatforms) = postSolution
		{4DCDEA13-14D5-421C-9952-4AC89244A8CF}.Debug|Any CPU.ActiveCfg = Debug|Any CPU
		{4DCDEA13-14D5-421C-9952-4AC89244A8CF}.Debug|Any CPU.Build.0 = Debug|Any CPU
		{4DCDEA13-14D5-421C-9952-4AC89244A8CF}.Release|Any CPU.ActiveCfg = Release|Any CPU
		{4DCDEA13-14D5-421C-9952-4AC89244A8CF}.Release|Any CPU.Build.0 = Release|Any CPU
	EndGlobalSection
	GlobalSection(SolutionProperties) = preSolution
		HideSolutionNode = FALSE
	EndGlobalSection
	GlobalSection(ExtensibilityGlobals) = postSolution
		SolutionGuid = {F3E7FBA8-96CA-481D-B754-D9D3B75AC8BB}
	EndGlobalSection
EndGlobal
